
Microsoft Visual Studio Solution File, Format Version 12.00
# Visual Studio 14
VisualStudioVersion = 14.0.25420.1
MinimumVisualStudioVersion = 10.0.40219.1
Project("{FAE04EC0-301F-11D3-BF4B-00C04F79EFBC}") = "CashRegisterApplication", "CashRegisterApplication\CashRegisterApplication.csproj", "{522F0E98-FB1E-4444-9FDC-F457D40A132F}"
EndProject
Global
	GlobalSection(SolutionConfigurationPlatforms) = preSolution
		Debug|Any CPU = Debug|Any CPU
		Release|Any CPU = Release|Any CPU
	EndGlobalSection
	GlobalSection(ProjectConfigurationPlatforms) = postSolution
		{522F0E98-FB1E-4444-9FDC-F457D40A132F}.Debug|Any CPU.ActiveCfg = Debug|Any CPU
		{522F0E98-FB1E-4444-9FDC-F457D40A132F}.Debug|Any CPU.Build.0 = Debug|Any CPU
		{522F0E98-FB1E-4444-9FDC-F457D40A132F}.Release|Any CPU.ActiveCfg = Release|Any CPU
		{522F0E98-FB1E-4444-9FDC-F457D40A132F}.Release|Any CPU.Build.0 = Release|Any CPU
	EndGlobalSection
	GlobalSection(SolutionProperties) = preSolution
		HideSolutionNode = FALSE
	EndGlobalSection
EndGlobal
